
Microsoft Visual Studio Solution File, Format Version 12.00
# Visual Studio Version 17
VisualStudioVersion = 17.4.33213.308
MinimumVisualStudioVersion = 10.0.40219.1
Project("{2150E333-8FDC-42A3-9474-1A3956D46DE8}") = "src", "src", "{3C0EED61-8873-4A33-93D7-CD3DF4682D3F}"
EndProject
Project("{2150E333-8FDC-42A3-9474-1A3956D46DE8}") = "UserService", "UserService", "{D35EDF01-D53A-4C0C-95E2-049F33FF386C}"
EndProject
Project("{2150E333-8FDC-42A3-9474-1A3956D46DE8}") = "Core", "Core", "{E8A03DE3-254C-4007-90C4-691AC4BBB578}"
EndProject
Project("{9A19103F-16F7-4668-BE54-9A1E7A4F7556}") = "UserService.Domain", "src\UserService\Core\UserService.Domain\UserService.Domain.csproj", "{A4C2ACD1-A8D6-4613-9EBE-F92CA80A6261}"
EndProject
Project("{9A19103F-16F7-4668-BE54-9A1E7A4F7556}") = "UserService.Application", "src\UserService\Core\UserService.Application\UserService.Application.csproj", "{2C03D944-0AB1-4089-9C32-7339C185392A}"
EndProject
Project("{2150E333-8FDC-42A3-9474-1A3956D46DE8}") = "Infrastructure", "Infrastructure", "{A79A1418-1769-498C-8DC8-BE15069AEFE3}"
EndProject
Project("{9A19103F-16F7-4668-BE54-9A1E7A4F7556}") = "UserService.Infrastructure", "src\UserService\Infrastructure\UserService.Infrastructure\UserService.Infrastructure.csproj", "{1FD8EA0A-5BAA-4F49-901F-75BA90FD5CA2}"
EndProject
Project("{9A19103F-16F7-4668-BE54-9A1E7A4F7556}") = "UserService.Persistence", "src\UserService\Infrastructure\UserService.Persistence\UserService.Persistence.csproj", "{8E2BE2DC-607C-4904-AAA6-BE0F579A2DF0}"
EndProject
Project("{2150E333-8FDC-42A3-9474-1A3956D46DE8}") = "Presentation", "Presentation", "{E9C836F5-8CC2-4731-BA6E-D10C8855D7AB}"
EndProject
Project("{9A19103F-16F7-4668-BE54-9A1E7A4F7556}") = "UserService.Api", "src\UserService\Presentation\UserService.Api\UserService.Api.csproj", "{1825AD75-DF7F-4BD7-A6BD-32F0842A05D0}"
EndProject
Project("{2150E333-8FDC-42A3-9474-1A3956D46DE8}") = "Test", "Test", "{0B7D65C9-21D5-48A4-A986-06447A5B278A}"
EndProject
Project("{9A19103F-16F7-4668-BE54-9A1E7A4F7556}") = "UserService.FunctionalTest", "src\UserService\Test\UserService.FunctionalTest\UserService.FunctionalTest.csproj", "{CE0E1113-3C55-465F-AABF-284135522780}"
EndProject
Project("{2150E333-8FDC-42A3-9474-1A3956D46DE8}") = "NoteService", "NoteService", "{563C7CCA-693E-4B54-B963-B9BEBAE7E3D9}"
EndProject
Project("{2150E333-8FDC-42A3-9474-1A3956D46DE8}") = "Core", "Core", "{45F9FEEE-7224-4CF5-A0FC-97A8D5015EA0}"
EndProject
Project("{2150E333-8FDC-42A3-9474-1A3956D46DE8}") = "Infrastructure", "Infrastructure", "{96127101-C0F9-4583-ACAD-64BB3AE2AC85}"
EndProject
Project("{2150E333-8FDC-42A3-9474-1A3956D46DE8}") = "Presentation", "Presentation", "{F50B99AB-53C0-4189-92F1-300EA6916EA0}"
EndProject
Project("{2150E333-8FDC-42A3-9474-1A3956D46DE8}") = "Test", "Test", "{5C37CB4D-B0B4-4F40-9E86-92111F1C698C}"
EndProject
Project("{9A19103F-16F7-4668-BE54-9A1E7A4F7556}") = "NoteService.Api", "src\NoteService\Presentation\NoteService.Api\NoteService.Api.csproj", "{8683AB74-2DDE-44AC-A3C4-F813950934A7}"
EndProject
Project("{2150E333-8FDC-42A3-9474-1A3956D46DE8}") = "_utils", "_utils", "{E8452BD1-9FC0-41C4-985A-A6D6598DFE02}"
EndProject
Project("{9A19103F-16F7-4668-BE54-9A1E7A4F7556}") = "Demo1.Data", "src\_utils\Demo1.Data\Demo1.Data.csproj", "{FA15116D-DFA4-4D3A-BE6C-0803DD1B4703}"
EndProject
Project("{9A19103F-16F7-4668-BE54-9A1E7A4F7556}") = "NoteService.Application", "src\NoteService\Core\NoteService.Application\NoteService.Application.csproj", "{27B5AC69-DF46-45B0-B565-D22790293B23}"
EndProject
Project("{9A19103F-16F7-4668-BE54-9A1E7A4F7556}") = "NoteService.Domain", "src\NoteService\Core\NoteService.Domain\NoteService.Domain.csproj", "{8109D3DB-3179-4260-93EA-F141994C3021}"
EndProject
Project("{9A19103F-16F7-4668-BE54-9A1E7A4F7556}") = "NoteService.Infrastructure", "src\NoteService\Infrastructure\NoteService.Infrastructure\NoteService.Infrastructure.csproj", "{8ACAB415-5D4C-46C4-BEDE-58A294A7BF7D}"
EndProject
Project("{9A19103F-16F7-4668-BE54-9A1E7A4F7556}") = "NoteService.Persistence", "src\NoteService\Infrastructure\NoteService.Persistence\NoteService.Persistence.csproj", "{6702F8AB-6DE8-4860-AFFD-F08ECE78538E}"
EndProject
Project("{FAE04EC0-301F-11D3-BF4B-00C04F79EFBC}") = "Demo1.Protos", "src\utils\Demo1.Protos\Demo1.Protos.csproj", "{DE5FF358-FCE5-4D29-9718-02FAB461FBD8}"
EndProject
Project("{FAE04EC0-301F-11D3-BF4B-00C04F79EFBC}") = "NoteService.Grpc", "src\NoteService\Infrastructure\NoteService.Grpc\NoteService.Grpc.csproj", "{9DFCC668-E8C6-4CCA-89B8-2DDFFF5E97CB}"
EndProject
Project("{FAE04EC0-301F-11D3-BF4B-00C04F79EFBC}") = "Demo1.Helper", "src\_utils\Demo1.Helper\Demo1.Helper.csproj", "{AB8A2E25-69C8-49A7-B4A6-AF2A8E2E849D}"
EndProject
Global
	GlobalSection(SolutionConfigurationPlatforms) = preSolution
		Debug|Any CPU = Debug|Any CPU
		Release|Any CPU = Release|Any CPU
	EndGlobalSection
	GlobalSection(ProjectConfigurationPlatforms) = postSolution
		{A4C2ACD1-A8D6-4613-9EBE-F92CA80A6261}.Debug|Any CPU.ActiveCfg = Debug|Any CPU
		{A4C2ACD1-A8D6-4613-9EBE-F92CA80A6261}.Debug|Any CPU.Build.0 = Debug|Any CPU
		{A4C2ACD1-A8D6-4613-9EBE-F92CA80A6261}.Release|Any CPU.ActiveCfg = Release|Any CPU
		{A4C2ACD1-A8D6-4613-9EBE-F92CA80A6261}.Release|Any CPU.Build.0 = Release|Any CPU
		{2C03D944-0AB1-4089-9C32-7339C185392A}.Debug|Any CPU.ActiveCfg = Debug|Any CPU
		{2C03D944-0AB1-4089-9C32-7339C185392A}.Debug|Any CPU.Build.0 = Debug|Any CPU
		{2C03D944-0AB1-4089-9C32-7339C185392A}.Release|Any CPU.ActiveCfg = Release|Any CPU
		{2C03D944-0AB1-4089-9C32-7339C185392A}.Release|Any CPU.Build.0 = Release|Any CPU
		{1FD8EA0A-5BAA-4F49-901F-75BA90FD5CA2}.Debug|Any CPU.ActiveCfg = Debug|Any CPU
		{1FD8EA0A-5BAA-4F49-901F-75BA90FD5CA2}.Debug|Any CPU.Build.0 = Debug|Any CPU
		{1FD8EA0A-5BAA-4F49-901F-75BA90FD5CA2}.Release|Any CPU.ActiveCfg = Release|Any CPU
		{1FD8EA0A-5BAA-4F49-901F-75BA90FD5CA2}.Release|Any CPU.Build.0 = Release|Any CPU
		{8E2BE2DC-607C-4904-AAA6-BE0F579A2DF0}.Debug|Any CPU.ActiveCfg = Debug|Any CPU
		{8E2BE2DC-607C-4904-AAA6-BE0F579A2DF0}.Debug|Any CPU.Build.0 = Debug|Any CPU
		{8E2BE2DC-607C-4904-AAA6-BE0F579A2DF0}.Release|Any CPU.ActiveCfg = Release|Any CPU
		{8E2BE2DC-607C-4904-AAA6-BE0F579A2DF0}.Release|Any CPU.Build.0 = Release|Any CPU
		{1825AD75-DF7F-4BD7-A6BD-32F0842A05D0}.Debug|Any CPU.ActiveCfg = Debug|Any CPU
		{1825AD75-DF7F-4BD7-A6BD-32F0842A05D0}.Debug|Any CPU.Build.0 = Debug|Any CPU
		{1825AD75-DF7F-4BD7-A6BD-32F0842A05D0}.Release|Any CPU.ActiveCfg = Release|Any CPU
		{1825AD75-DF7F-4BD7-A6BD-32F0842A05D0}.Release|Any CPU.Build.0 = Release|Any CPU
		{CE0E1113-3C55-465F-AABF-284135522780}.Debug|Any CPU.ActiveCfg = Debug|Any CPU
		{CE0E1113-3C55-465F-AABF-284135522780}.Debug|Any CPU.Build.0 = Debug|Any CPU
		{CE0E1113-3C55-465F-AABF-284135522780}.Release|Any CPU.ActiveCfg = Release|Any CPU
		{CE0E1113-3C55-465F-AABF-284135522780}.Release|Any CPU.Build.0 = Release|Any CPU
		{8683AB74-2DDE-44AC-A3C4-F813950934A7}.Debug|Any CPU.ActiveCfg = Debug|Any CPU
		{8683AB74-2DDE-44AC-A3C4-F813950934A7}.Debug|Any CPU.Build.0 = Debug|Any CPU
		{8683AB74-2DDE-44AC-A3C4-F813950934A7}.Release|Any CPU.ActiveCfg = Release|Any CPU
		{8683AB74-2DDE-44AC-A3C4-F813950934A7}.Release|Any CPU.Build.0 = Release|Any CPU
		{FA15116D-DFA4-4D3A-BE6C-0803DD1B4703}.Debug|Any CPU.ActiveCfg = Debug|Any CPU
		{FA15116D-DFA4-4D3A-BE6C-0803DD1B4703}.Debug|Any CPU.Build.0 = Debug|Any CPU
		{FA15116D-DFA4-4D3A-BE6C-0803DD1B4703}.Release|Any CPU.ActiveCfg = Release|Any CPU
		{FA15116D-DFA4-4D3A-BE6C-0803DD1B4703}.Release|Any CPU.Build.0 = Release|Any CPU
		{27B5AC69-DF46-45B0-B565-D22790293B23}.Debug|Any CPU.ActiveCfg = Debug|Any CPU
		{27B5AC69-DF46-45B0-B565-D22790293B23}.Debug|Any CPU.Build.0 = Debug|Any CPU
		{27B5AC69-DF46-45B0-B565-D22790293B23}.Release|Any CPU.ActiveCfg = Release|Any CPU
		{27B5AC69-DF46-45B0-B565-D22790293B23}.Release|Any CPU.Build.0 = Release|Any CPU
		{8109D3DB-3179-4260-93EA-F141994C3021}.Debug|Any CPU.ActiveCfg = Debug|Any CPU
		{8109D3DB-3179-4260-93EA-F141994C3021}.Debug|Any CPU.Build.0 = Debug|Any CPU
		{8109D3DB-3179-4260-93EA-F141994C3021}.Release|Any CPU.ActiveCfg = Release|Any CPU
		{8109D3DB-3179-4260-93EA-F141994C3021}.Release|Any CPU.Build.0 = Release|Any CPU
		{8ACAB415-5D4C-46C4-BEDE-58A294A7BF7D}.Debug|Any CPU.ActiveCfg = Debug|Any CPU
		{8ACAB415-5D4C-46C4-BEDE-58A294A7BF7D}.Debug|Any CPU.Build.0 = Debug|Any CPU
		{8ACAB415-5D4C-46C4-BEDE-58A294A7BF7D}.Release|Any CPU.ActiveCfg = Release|Any CPU
		{8ACAB415-5D4C-46C4-BEDE-58A294A7BF7D}.Release|Any CPU.Build.0 = Release|Any CPU
		{6702F8AB-6DE8-4860-AFFD-F08ECE78538E}.Debug|Any CPU.ActiveCfg = Debug|Any CPU
		{6702F8AB-6DE8-4860-AFFD-F08ECE78538E}.Debug|Any CPU.Build.0 = Debug|Any CPU
		{6702F8AB-6DE8-4860-AFFD-F08ECE78538E}.Release|Any CPU.ActiveCfg = Release|Any CPU
		{6702F8AB-6DE8-4860-AFFD-F08ECE78538E}.Release|Any CPU.Build.0 = Release|Any CPU
		{DE5FF358-FCE5-4D29-9718-02FAB461FBD8}.Debug|Any CPU.ActiveCfg = Debug|Any CPU
		{DE5FF358-FCE5-4D29-9718-02FAB461FBD8}.Debug|Any CPU.Build.0 = Debug|Any CPU
		{DE5FF358-FCE5-4D29-9718-02FAB461FBD8}.Release|Any CPU.ActiveCfg = Release|Any CPU
		{DE5FF358-FCE5-4D29-9718-02FAB461FBD8}.Release|Any CPU.Build.0 = Release|Any CPU
		{9DFCC668-E8C6-4CCA-89B8-2DDFFF5E97CB}.Debug|Any CPU.ActiveCfg = Debug|Any CPU
		{9DFCC668-E8C6-4CCA-89B8-2DDFFF5E97CB}.Debug|Any CPU.Build.0 = Debug|Any CPU
		{9DFCC668-E8C6-4CCA-89B8-2DDFFF5E97CB}.Release|Any CPU.ActiveCfg = Release|Any CPU
		{9DFCC668-E8C6-4CCA-89B8-2DDFFF5E97CB}.Release|Any CPU.Build.0 = Release|Any CPU
		{AB8A2E25-69C8-49A7-B4A6-AF2A8E2E849D}.Debug|Any CPU.ActiveCfg = Debug|Any CPU
		{AB8A2E25-69C8-49A7-B4A6-AF2A8E2E849D}.Debug|Any CPU.Build.0 = Debug|Any CPU
		{AB8A2E25-69C8-49A7-B4A6-AF2A8E2E849D}.Release|Any CPU.ActiveCfg = Release|Any CPU
		{AB8A2E25-69C8-49A7-B4A6-AF2A8E2E849D}.Release|Any CPU.Build.0 = Release|Any CPU
	EndGlobalSection
	GlobalSection(SolutionProperties) = preSolution
		HideSolutionNode = FALSE
	EndGlobalSection
	GlobalSection(NestedProjects) = preSolution
		{D35EDF01-D53A-4C0C-95E2-049F33FF386C} = {3C0EED61-8873-4A33-93D7-CD3DF4682D3F}
		{E8A03DE3-254C-4007-90C4-691AC4BBB578} = {D35EDF01-D53A-4C0C-95E2-049F33FF386C}
		{A4C2ACD1-A8D6-4613-9EBE-F92CA80A6261} = {E8A03DE3-254C-4007-90C4-691AC4BBB578}
		{2C03D944-0AB1-4089-9C32-7339C185392A} = {E8A03DE3-254C-4007-90C4-691AC4BBB578}
		{A79A1418-1769-498C-8DC8-BE15069AEFE3} = {D35EDF01-D53A-4C0C-95E2-049F33FF386C}
		{1FD8EA0A-5BAA-4F49-901F-75BA90FD5CA2} = {A79A1418-1769-498C-8DC8-BE15069AEFE3}
		{8E2BE2DC-607C-4904-AAA6-BE0F579A2DF0} = {A79A1418-1769-498C-8DC8-BE15069AEFE3}
		{E9C836F5-8CC2-4731-BA6E-D10C8855D7AB} = {D35EDF01-D53A-4C0C-95E2-049F33FF386C}
		{1825AD75-DF7F-4BD7-A6BD-32F0842A05D0} = {E9C836F5-8CC2-4731-BA6E-D10C8855D7AB}
		{0B7D65C9-21D5-48A4-A986-06447A5B278A} = {D35EDF01-D53A-4C0C-95E2-049F33FF386C}
		{CE0E1113-3C55-465F-AABF-284135522780} = {0B7D65C9-21D5-48A4-A986-06447A5B278A}
		{563C7CCA-693E-4B54-B963-B9BEBAE7E3D9} = {3C0EED61-8873-4A33-93D7-CD3DF4682D3F}
		{45F9FEEE-7224-4CF5-A0FC-97A8D5015EA0} = {563C7CCA-693E-4B54-B963-B9BEBAE7E3D9}
		{96127101-C0F9-4583-ACAD-64BB3AE2AC85} = {563C7CCA-693E-4B54-B963-B9BEBAE7E3D9}
		{F50B99AB-53C0-4189-92F1-300EA6916EA0} = {563C7CCA-693E-4B54-B963-B9BEBAE7E3D9}
		{5C37CB4D-B0B4-4F40-9E86-92111F1C698C} = {563C7CCA-693E-4B54-B963-B9BEBAE7E3D9}
		{8683AB74-2DDE-44AC-A3C4-F813950934A7} = {F50B99AB-53C0-4189-92F1-300EA6916EA0}
		{E8452BD1-9FC0-41C4-985A-A6D6598DFE02} = {3C0EED61-8873-4A33-93D7-CD3DF4682D3F}
		{FA15116D-DFA4-4D3A-BE6C-0803DD1B4703} = {E8452BD1-9FC0-41C4-985A-A6D6598DFE02}
		{27B5AC69-DF46-45B0-B565-D22790293B23} = {45F9FEEE-7224-4CF5-A0FC-97A8D5015EA0}
		{8109D3DB-3179-4260-93EA-F141994C3021} = {45F9FEEE-7224-4CF5-A0FC-97A8D5015EA0}
		{8ACAB415-5D4C-46C4-BEDE-58A294A7BF7D} = {96127101-C0F9-4583-ACAD-64BB3AE2AC85}
		{6702F8AB-6DE8-4860-AFFD-F08ECE78538E} = {96127101-C0F9-4583-ACAD-64BB3AE2AC85}
		{DE5FF358-FCE5-4D29-9718-02FAB461FBD8} = {E8452BD1-9FC0-41C4-985A-A6D6598DFE02}
		{9DFCC668-E8C6-4CCA-89B8-2DDFFF5E97CB} = {96127101-C0F9-4583-ACAD-64BB3AE2AC85}
		{AB8A2E25-69C8-49A7-B4A6-AF2A8E2E849D} = {E8452BD1-9FC0-41C4-985A-A6D6598DFE02}
	EndGlobalSection
	GlobalSection(ExtensibilityGlobals) = postSolution
		SolutionGuid = {4CB26481-F6B7-4942-BDED-3AC43A6E5AE5}
	EndGlobalSection
EndGlobal
